
Microsoft Visual Studio Solution File, Format Version 12.00
# Visual Studio Version 16
VisualStudioVersion = 16.0.32106.194
MinimumVisualStudioVersion = 10.0.40219.1
Project("{FAE04EC0-301F-11D3-BF4B-00C04F79EFBC}") = "HomeWork4", "HomeWork4.csproj", "{9967F3B2-F1B2-47F1-B4E6-450479D88A51}"
EndProject
Global
	GlobalSection(SolutionConfigurationPlatforms) = preSolution
		Debug|Any CPU = Debug|Any CPU
		Release|Any CPU = Release|Any CPU
	EndGlobalSection
	GlobalSection(ProjectConfigurationPlatforms) = postSolution
		{9967F3B2-F1B2-47F1-B4E6-450479D88A51}.Debug|Any CPU.ActiveCfg = Debug|Any CPU
		{9967F3B2-F1B2-47F1-B4E6-450479D88A51}.Debug|Any CPU.Build.0 = Debug|Any CPU
		{9967F3B2-F1B2-47F1-B4E6-450479D88A51}.Release|Any CPU.ActiveCfg = Release|Any CPU
		{9967F3B2-F1B2-47F1-B4E6-450479D88A51}.Release|Any CPU.Build.0 = Release|Any CPU
	EndGlobalSection
	GlobalSection(SolutionProperties) = preSolution
		HideSolutionNode = FALSE
	EndGlobalSection
	GlobalSection(ExtensibilityGlobals) = postSolution
		SolutionGuid = {1E7EE3E8-8984-44E5-BBE4-E5F28D61246A}
	EndGlobalSection
EndGlobal
